
Microsoft Visual Studio Solution File, Format Version 12.00
# Visual Studio Version 16
VisualStudioVersion = 16.0.30804.86
MinimumVisualStudioVersion = 10.0.40219.1
Project("{FAE04EC0-301F-11D3-BF4B-00C04F79EFBC}") = "PRC391_Assignment2", "PRC391_Assignment2\PRC391_Assignment2.csproj", "{E2B4FBE3-8B09-4230-BE16-8E9C6D902462}"
EndProject
Global
	GlobalSection(SolutionConfigurationPlatforms) = preSolution
		Debug|Any CPU = Debug|Any CPU
		Release|Any CPU = Release|Any CPU
	EndGlobalSection
	GlobalSection(ProjectConfigurationPlatforms) = postSolution
		{E2B4FBE3-8B09-4230-BE16-8E9C6D902462}.Debug|Any CPU.ActiveCfg = Debug|Any CPU
		{E2B4FBE3-8B09-4230-BE16-8E9C6D902462}.Debug|Any CPU.Build.0 = Debug|Any CPU
		{E2B4FBE3-8B09-4230-BE16-8E9C6D902462}.Release|Any CPU.ActiveCfg = Release|Any CPU
		{E2B4FBE3-8B09-4230-BE16-8E9C6D902462}.Release|Any CPU.Build.0 = Release|Any CPU
	EndGlobalSection
	GlobalSection(SolutionProperties) = preSolution
		HideSolutionNode = FALSE
	EndGlobalSection
	GlobalSection(ExtensibilityGlobals) = postSolution
		SolutionGuid = {CB46C909-07E8-4030-869E-59D61D30C425}
	EndGlobalSection
EndGlobal
